Microsoft Visual Studio Solution File, Format Version 12.00
# Visual Studio Version 16
VisualStudioVersion = 16.0.29609.76
MinimumVisualStudioVersion = 10.0.40219.1
Project("{9A19103F-16F7-4668-BE54-9A1E7A4F7556}") = "Jsonyte", "src\Jsonyte\Jsonyte.csproj", "{DEE2C37F-D09F-4C3B-AD1F-3C4003C9C590}"
EndProject
Project("{9A19103F-16F7-4668-BE54-9A1E7A4F7556}") = "Jsonyte.Benchmarks", "src\Jsonyte.Benchmarks\Jsonyte.Benchmarks.csproj", "{4CDF51F7-56EC-47EC-BEEA-CD44CD7E8881}"
EndProject
Project("{9A19103F-16F7-4668-BE54-9A1E7A4F7556}") = "Jsonyte.Tests", "src\Jsonyte.Tests\Jsonyte.Tests.csproj", "{B4F7D1D6-19A3-4BEF-BDE4-4C139B64D38B}"
EndProject
Global
	GlobalSection(SolutionConfigurationPlatforms) = preSolution
		Debug|Any CPU = Debug|Any CPU
		Release|Any CPU = Release|Any CPU
	EndGlobalSection
	GlobalSection(ProjectConfigurationPlatforms) = postSolution
		{DEE2C37F-D09F-4C3B-AD1F-3C4003C9C590}.Debug|Any CPU.ActiveCfg = Debug|Any CPU
		{DEE2C37F-D09F-4C3B-AD1F-3C4003C9C590}.Debug|Any CPU.Build.0 = Debug|Any CPU
		{DEE2C37F-D09F-4C3B-AD1F-3C4003C9C590}.Release|Any CPU.ActiveCfg = Release|Any CPU
		{DEE2C37F-D09F-4C3B-AD1F-3C4003C9C590}.Release|Any CPU.Build.0 = Release|Any CPU
		{4CDF51F7-56EC-47EC-BEEA-CD44CD7E8881}.Debug|Any CPU.ActiveCfg = Debug|Any CPU
		{4CDF51F7-56EC-47EC-BEEA-CD44CD7E8881}.Debug|Any CPU.Build.0 = Debug|Any CPU
		{4CDF51F7-56EC-47EC-BEEA-CD44CD7E8881}.Release|Any CPU.ActiveCfg = Release|Any CPU
		{4CDF51F7-56EC-47EC-BEEA-CD44CD7E8881}.Release|Any CPU.Build.0 = Release|Any CPU
		{B4F7D1D6-19A3-4BEF-BDE4-4C139B64D38B}.Debug|Any CPU.ActiveCfg = Debug|Any CPU
		{B4F7D1D6-19A3-4BEF-BDE4-4C139B64D38B}.Debug|Any CPU.Build.0 = Debug|Any CPU
		{B4F7D1D6-19A3-4BEF-BDE4-4C139B64D38B}.Release|Any CPU.ActiveCfg = Release|Any CPU
		{B4F7D1D6-19A3-4BEF-BDE4-4C139B64D38B}.Release|Any CPU.Build.0 = Release|Any CPU
	EndGlobalSection
	GlobalSection(SolutionProperties) = preSolution
		HideSolutionNode = FALSE
	EndGlobalSection
	GlobalSection(ExtensibilityGlobals) = postSolution
		SolutionGuid = {7DA6356D-E477-4D6D-AB93-FB5C4404A476}
	EndGlobalSection
EndGlobal
