Microsoft Visual Studio Solution File, Format Version 12.00
# Visual Studio Version 16
VisualStudioVersion = 16.0.29609.76
MinimumVisualStudioVersion = 10.0.40219.1
Project("{9A19103F-16F7-4668-BE54-9A1E7A4F7556}") = "JsonApi", "src\JsonApi\JsonApi.csproj", "{040F752B-E081-48B0-96F0-A4096B0A39DC}"
EndProject
Project("{9A19103F-16F7-4668-BE54-9A1E7A4F7556}") = "JsonApi.Tests", "src\JsonApi.Tests\JsonApi.Tests.csproj", "{E444615F-245F-4209-B58C-F0BEA9028D4C}"
EndProject
Project("{9A19103F-16F7-4668-BE54-9A1E7A4F7556}") = "JsonApi.Benchmarks", "src\JsonApi.Benchmarks\JsonApi.Benchmarks.csproj", "{91F1DF3E-BAE1-4A45-905F-FACE10639FF0}"
EndProject
Global
	GlobalSection(SolutionConfigurationPlatforms) = preSolution
		Debug|Any CPU = Debug|Any CPU
		Release|Any CPU = Release|Any CPU
	EndGlobalSection
	GlobalSection(ProjectConfigurationPlatforms) = postSolution
		{040F752B-E081-48B0-96F0-A4096B0A39DC}.Debug|Any CPU.ActiveCfg = Debug|Any CPU
		{040F752B-E081-48B0-96F0-A4096B0A39DC}.Debug|Any CPU.Build.0 = Debug|Any CPU
		{040F752B-E081-48B0-96F0-A4096B0A39DC}.Release|Any CPU.ActiveCfg = Release|Any CPU
		{040F752B-E081-48B0-96F0-A4096B0A39DC}.Release|Any CPU.Build.0 = Release|Any CPU
		{E444615F-245F-4209-B58C-F0BEA9028D4C}.Debug|Any CPU.ActiveCfg = Debug|Any CPU
		{E444615F-245F-4209-B58C-F0BEA9028D4C}.Debug|Any CPU.Build.0 = Debug|Any CPU
		{E444615F-245F-4209-B58C-F0BEA9028D4C}.Release|Any CPU.ActiveCfg = Release|Any CPU
		{E444615F-245F-4209-B58C-F0BEA9028D4C}.Release|Any CPU.Build.0 = Release|Any CPU
		{91F1DF3E-BAE1-4A45-905F-FACE10639FF0}.Debug|Any CPU.ActiveCfg = Debug|Any CPU
		{91F1DF3E-BAE1-4A45-905F-FACE10639FF0}.Debug|Any CPU.Build.0 = Debug|Any CPU
		{91F1DF3E-BAE1-4A45-905F-FACE10639FF0}.Release|Any CPU.ActiveCfg = Release|Any CPU
		{91F1DF3E-BAE1-4A45-905F-FACE10639FF0}.Release|Any CPU.Build.0 = Release|Any CPU
	EndGlobalSection
	GlobalSection(SolutionProperties) = preSolution
		HideSolutionNode = FALSE
	EndGlobalSection
	GlobalSection(ExtensibilityGlobals) = postSolution
		SolutionGuid = {7DA6356D-E477-4D6D-AB93-FB5C4404A476}
	EndGlobalSection
EndGlobal
